
Microsoft Visual Studio Solution File, Format Version 12.00
# Visual Studio Version 17
VisualStudioVersion = 17.9.34728.123
MinimumVisualStudioVersion = 10.0.40219.1
Project("{FAE04EC0-301F-11D3-BF4B-00C04F79EFBC}") = "Review", "Review\Review.csproj", "{4703CB6E-0E79-4DDB-89BF-3B919E89A892}"
EndProject
Global
	GlobalSection(SolutionConfigurationPlatforms) = preSolution
		Debug|Any CPU = Debug|Any CPU
		Release|Any CPU = Release|Any CPU
	EndGlobalSection
	GlobalSection(ProjectConfigurationPlatforms) = postSolution
		{4703CB6E-0E79-4DDB-89BF-3B919E89A892}.Debug|Any CPU.ActiveCfg = Debug|Any CPU
		{4703CB6E-0E79-4DDB-89BF-3B919E89A892}.Debug|Any CPU.Build.0 = Debug|Any CPU
		{4703CB6E-0E79-4DDB-89BF-3B919E89A892}.Release|Any CPU.ActiveCfg = Release|Any CPU
		{4703CB6E-0E79-4DDB-89BF-3B919E89A892}.Release|Any CPU.Build.0 = Release|Any CPU
	EndGlobalSection
	GlobalSection(SolutionProperties) = preSolution
		HideSolutionNode = FALSE
	EndGlobalSection
	GlobalSection(ExtensibilityGlobals) = postSolution
		SolutionGuid = {B62F1BC0-6763-45E0-9595-2B1101E8DE39}
	EndGlobalSection
EndGlobal
